
Microsoft Visual Studio Solution File, Format Version 12.00
# Visual Studio Version 17
VisualStudioVersion = 17.4.33213.308
MinimumVisualStudioVersion = 10.0.40219.1
Project("{FAE04EC0-301F-11D3-BF4B-00C04F79EFBC}") = "TrianglesApp", "TrianglesApp\TrianglesApp.csproj", "{2AE87D7A-3AEC-4175-B153-170E6174EC53}"
EndProject
Global
	GlobalSection(SolutionConfigurationPlatforms) = preSolution
		Debug|Any CPU = Debug|Any CPU
		Release|Any CPU = Release|Any CPU
	EndGlobalSection
	GlobalSection(ProjectConfigurationPlatforms) = postSolution
		{2AE87D7A-3AEC-4175-B153-170E6174EC53}.Debug|Any CPU.ActiveCfg = Debug|Any CPU
		{2AE87D7A-3AEC-4175-B153-170E6174EC53}.Debug|Any CPU.Build.0 = Debug|Any CPU
		{2AE87D7A-3AEC-4175-B153-170E6174EC53}.Release|Any CPU.ActiveCfg = Release|Any CPU
		{2AE87D7A-3AEC-4175-B153-170E6174EC53}.Release|Any CPU.Build.0 = Release|Any CPU
	EndGlobalSection
	GlobalSection(SolutionProperties) = preSolution
		HideSolutionNode = FALSE
	EndGlobalSection
	GlobalSection(ExtensibilityGlobals) = postSolution
		SolutionGuid = {900F579C-87B3-4B33-975C-79FA7D41590E}
	EndGlobalSection
EndGlobal
